
Microsoft Visual Studio Solution File, Format Version 12.00
# Visual Studio Version 17
VisualStudioVersion = 17.1.32228.430
MinimumVisualStudioVersion = 10.0.40219.1
Project("{FAE04EC0-301F-11D3-BF4B-00C04F79EFBC}") = "FeaturesManagerPoC", "FeaturesManagerPoC\FeaturesManagerPoC.csproj", "{E4C96729-ABCE-40D3-85A1-89E493E26002}"
EndProject
Project("{FAE04EC0-301F-11D3-BF4B-00C04F79EFBC}") = "WebApplication1", "WebApplication1\WebApplication1.csproj", "{502CEA56-E51E-4596-9398-8F4FFFE14D9B}"
EndProject
Global
	GlobalSection(SolutionConfigurationPlatforms) = preSolution
		Debug|Any CPU = Debug|Any CPU
		Release|Any CPU = Release|Any CPU
	EndGlobalSection
	GlobalSection(ProjectConfigurationPlatforms) = postSolution
		{E4C96729-ABCE-40D3-85A1-89E493E26002}.Debug|Any CPU.ActiveCfg = Debug|Any CPU
		{E4C96729-ABCE-40D3-85A1-89E493E26002}.Debug|Any CPU.Build.0 = Debug|Any CPU
		{E4C96729-ABCE-40D3-85A1-89E493E26002}.Release|Any CPU.ActiveCfg = Release|Any CPU
		{E4C96729-ABCE-40D3-85A1-89E493E26002}.Release|Any CPU.Build.0 = Release|Any CPU
		{502CEA56-E51E-4596-9398-8F4FFFE14D9B}.Debug|Any CPU.ActiveCfg = Debug|Any CPU
		{502CEA56-E51E-4596-9398-8F4FFFE14D9B}.Debug|Any CPU.Build.0 = Debug|Any CPU
		{502CEA56-E51E-4596-9398-8F4FFFE14D9B}.Release|Any CPU.ActiveCfg = Release|Any CPU
		{502CEA56-E51E-4596-9398-8F4FFFE14D9B}.Release|Any CPU.Build.0 = Release|Any CPU
	EndGlobalSection
	GlobalSection(SolutionProperties) = preSolution
		HideSolutionNode = FALSE
	EndGlobalSection
	GlobalSection(ExtensibilityGlobals) = postSolution
		SolutionGuid = {8F5569DE-25CD-4B78-BC5F-0437A29082C3}
	EndGlobalSection
EndGlobal
